
Microsoft Visual Studio Solution File, Format Version 12.00
# Visual Studio Version 17
VisualStudioVersion = 17.6.33829.357
MinimumVisualStudioVersion = 10.0.40219.1
Project("{2150E333-8FDC-42A3-9474-1A3956D46DE8}") = "Core", "Core", "{CBCDCB78-DBAC-4AC0-A249-8D3251437B0C}"
EndProject
Project("{FAE04EC0-301F-11D3-BF4B-00C04F79EFBC}") = "ECommerceAPI.Domain", "Core\ECommerceAPI.Domain\ECommerceAPI.Domain.csproj", "{042F2836-19B6-44C6-A9CA-2AE412FEA28F}"
EndProject
Project("{FAE04EC0-301F-11D3-BF4B-00C04F79EFBC}") = "ECommerceAPI.Application", "Core\ECommerceAPI.Application\ECommerceAPI.Application.csproj", "{EF7F88B6-EA7A-4BEA-BB2D-EE7694B3CBF9}"
EndProject
Project("{2150E333-8FDC-42A3-9474-1A3956D46DE8}") = "Infrastructure", "Infrastructure", "{07400D75-D7E0-44C2-A0C9-54480D713E6F}"
EndProject
Project("{FAE04EC0-301F-11D3-BF4B-00C04F79EFBC}") = "ECommerceAPI.Infrastructure", "Infrastructure\ECommerceAPI.Infrastructure\ECommerceAPI.Infrastructure.csproj", "{CD714951-D9B2-49DA-A77B-E54A4FE0E102}"
EndProject
Project("{FAE04EC0-301F-11D3-BF4B-00C04F79EFBC}") = "ECommerceAPI.Persistence", "Infrastructure\ECommerceAPI.Persistence\ECommerceAPI.Persistence.csproj", "{06CD51B4-0D6A-48E7-953B-A66300D88A0B}"
EndProject
Project("{2150E333-8FDC-42A3-9474-1A3956D46DE8}") = "Presentation", "Presentation", "{1762C3FA-36E1-4FC6-9C75-AA93BFF3A834}"
EndProject
Project("{FAE04EC0-301F-11D3-BF4B-00C04F79EFBC}") = "ECommerceAPI.API", "Presentation\ECommerceAPI.API\ECommerceAPI.API.csproj", "{BBF4FE6F-67CB-46A7-B16E-907031D0AC18}"
EndProject
Global
	GlobalSection(SolutionConfigurationPlatforms) = preSolution
		Debug|Any CPU = Debug|Any CPU
		Release|Any CPU = Release|Any CPU
	EndGlobalSection
	GlobalSection(ProjectConfigurationPlatforms) = postSolution
		{042F2836-19B6-44C6-A9CA-2AE412FEA28F}.Debug|Any CPU.ActiveCfg = Debug|Any CPU
		{042F2836-19B6-44C6-A9CA-2AE412FEA28F}.Debug|Any CPU.Build.0 = Debug|Any CPU
		{042F2836-19B6-44C6-A9CA-2AE412FEA28F}.Release|Any CPU.ActiveCfg = Release|Any CPU
		{042F2836-19B6-44C6-A9CA-2AE412FEA28F}.Release|Any CPU.Build.0 = Release|Any CPU
		{EF7F88B6-EA7A-4BEA-BB2D-EE7694B3CBF9}.Debug|Any CPU.ActiveCfg = Debug|Any CPU
		{EF7F88B6-EA7A-4BEA-BB2D-EE7694B3CBF9}.Debug|Any CPU.Build.0 = Debug|Any CPU
		{EF7F88B6-EA7A-4BEA-BB2D-EE7694B3CBF9}.Release|Any CPU.ActiveCfg = Release|Any CPU
		{EF7F88B6-EA7A-4BEA-BB2D-EE7694B3CBF9}.Release|Any CPU.Build.0 = Release|Any CPU
		{CD714951-D9B2-49DA-A77B-E54A4FE0E102}.Debug|Any CPU.ActiveCfg = Debug|Any CPU
		{CD714951-D9B2-49DA-A77B-E54A4FE0E102}.Debug|Any CPU.Build.0 = Debug|Any CPU
		{CD714951-D9B2-49DA-A77B-E54A4FE0E102}.Release|Any CPU.ActiveCfg = Release|Any CPU
		{CD714951-D9B2-49DA-A77B-E54A4FE0E102}.Release|Any CPU.Build.0 = Release|Any CPU
		{06CD51B4-0D6A-48E7-953B-A66300D88A0B}.Debug|Any CPU.ActiveCfg = Debug|Any CPU
		{06CD51B4-0D6A-48E7-953B-A66300D88A0B}.Debug|Any CPU.Build.0 = Debug|Any CPU
		{06CD51B4-0D6A-48E7-953B-A66300D88A0B}.Release|Any CPU.ActiveCfg = Release|Any CPU
		{06CD51B4-0D6A-48E7-953B-A66300D88A0B}.Release|Any CPU.Build.0 = Release|Any CPU
		{BBF4FE6F-67CB-46A7-B16E-907031D0AC18}.Debug|Any CPU.ActiveCfg = Debug|Any CPU
		{BBF4FE6F-67CB-46A7-B16E-907031D0AC18}.Debug|Any CPU.Build.0 = Debug|Any CPU
		{BBF4FE6F-67CB-46A7-B16E-907031D0AC18}.Release|Any CPU.ActiveCfg = Release|Any CPU
		{BBF4FE6F-67CB-46A7-B16E-907031D0AC18}.Release|Any CPU.Build.0 = Release|Any CPU
	EndGlobalSection
	GlobalSection(SolutionProperties) = preSolution
		HideSolutionNode = FALSE
	EndGlobalSection
	GlobalSection(NestedProjects) = preSolution
		{042F2836-19B6-44C6-A9CA-2AE412FEA28F} = {CBCDCB78-DBAC-4AC0-A249-8D3251437B0C}
		{EF7F88B6-EA7A-4BEA-BB2D-EE7694B3CBF9} = {CBCDCB78-DBAC-4AC0-A249-8D3251437B0C}
		{CD714951-D9B2-49DA-A77B-E54A4FE0E102} = {07400D75-D7E0-44C2-A0C9-54480D713E6F}
		{06CD51B4-0D6A-48E7-953B-A66300D88A0B} = {07400D75-D7E0-44C2-A0C9-54480D713E6F}
		{BBF4FE6F-67CB-46A7-B16E-907031D0AC18} = {1762C3FA-36E1-4FC6-9C75-AA93BFF3A834}
	EndGlobalSection
	GlobalSection(ExtensibilityGlobals) = postSolution
		SolutionGuid = {1A1CAF16-8B6D-4807-A695-8B3F4740E45E}
	EndGlobalSection
EndGlobal
